
Microsoft Visual Studio Solution File, Format Version 12.00
# Visual Studio 15
VisualStudioVersion = 15.0.28307.1062
MinimumVisualStudioVersion = 10.0.40219.1
Project("{FAE04EC0-301F-11D3-BF4B-00C04F79EFBC}") = "PrestationService", "PrestationService\PrestationService.csproj", "{288F10AB-80CE-4BEC-AED6-8944A0D5F10C}"
EndProject
Global
	GlobalSection(SolutionConfigurationPlatforms) = preSolution
		Debug|Any CPU = Debug|Any CPU
		Release|Any CPU = Release|Any CPU
	EndGlobalSection
	GlobalSection(ProjectConfigurationPlatforms) = postSolution
		{288F10AB-80CE-4BEC-AED6-8944A0D5F10C}.Debug|Any CPU.ActiveCfg = Debug|Any CPU
		{288F10AB-80CE-4BEC-AED6-8944A0D5F10C}.Debug|Any CPU.Build.0 = Debug|Any CPU
		{288F10AB-80CE-4BEC-AED6-8944A0D5F10C}.Release|Any CPU.ActiveCfg = Release|Any CPU
		{288F10AB-80CE-4BEC-AED6-8944A0D5F10C}.Release|Any CPU.Build.0 = Release|Any CPU
	EndGlobalSection
	GlobalSection(SolutionProperties) = preSolution
		HideSolutionNode = FALSE
	EndGlobalSection
	GlobalSection(ExtensibilityGlobals) = postSolution
		SolutionGuid = {CFF32349-63E2-4193-87E4-5EEC10D3126B}
	EndGlobalSection
EndGlobal
